
Microsoft Visual Studio Solution File, Format Version 12.00
# Visual Studio Version 16
VisualStudioVersion = 16.0.30413.136
MinimumVisualStudioVersion = 10.0.40219.1
Project("{FAE04EC0-301F-11D3-BF4B-00C04F79EFBC}") = "Booker", "Booker\Booker.csproj", "{DD05B237-6930-47F9-82E9-F34C620F604B}"
EndProject
Global
	GlobalSection(SolutionConfigurationPlatforms) = preSolution
		Debug|Any CPU = Debug|Any CPU
		Release|Any CPU = Release|Any CPU
	EndGlobalSection
	GlobalSection(ProjectConfigurationPlatforms) = postSolution
		{DD05B237-6930-47F9-82E9-F34C620F604B}.Debug|Any CPU.ActiveCfg = Debug|Any CPU
		{DD05B237-6930-47F9-82E9-F34C620F604B}.Debug|Any CPU.Build.0 = Debug|Any CPU
		{DD05B237-6930-47F9-82E9-F34C620F604B}.Release|Any CPU.ActiveCfg = Release|Any CPU
		{DD05B237-6930-47F9-82E9-F34C620F604B}.Release|Any CPU.Build.0 = Release|Any CPU
	EndGlobalSection
	GlobalSection(SolutionProperties) = preSolution
		HideSolutionNode = FALSE
	EndGlobalSection
	GlobalSection(ExtensibilityGlobals) = postSolution
		SolutionGuid = {283AB043-4BEB-4E4C-B38D-8E98F86B6891}
	EndGlobalSection
EndGlobal
